{
  "version": 4,
  "terraform_version": "1.13.4",
  "serial": 37,
  "lineage": "d6ffe5c1-4cc7-ee04-7a0e-219e3d235867",
  "outputs": {
    "dashboard_url": {
      "value": "https://console.aws.amazon.com/cloudwatch/home#dashboards:name=aws-cost-dashboard",
      "type": "string"
    },
    "sns_topic_arn": {
      "value": "arn:aws:sns:us-east-2:086637712781:alec-budget-alerts",
      "type": "string"
    }
  },
  "resources": [
    {
      "mode": "managed",
      "type": "aws_budgets_budget",
      "name": "monthly_budget",
      "provider": "provider[\"registry.terraform.io/hashicorp/aws\"]",
      "instances": [
        {
          "schema_version": 0,
          "attributes": {
            "account_id": "086637712781",
            "arn": "arn:aws:budgets::086637712781:budget/alec-monthly-budget",
            "auto_adjust_data": [],
            "billing_view_arn": "",
            "budget_type": "COST",
            "cost_filter": [],
            "cost_types": [
              {
                "include_credit": true,
                "include_discount": true,
                "include_other_subscription": true,
                "include_recurring": true,
                "include_refund": true,
                "include_subscription": true,
                "include_support": true,
                "include_tax": true,
                "include_upfront": true,
                "use_amortized": false,
                "use_blended": false
              }
            ],
            "id": "086637712781:alec-monthly-budget",
            "limit_amount": "10.0",
            "limit_unit": "USD",
            "name": "alec-monthly-budget",
            "name_prefix": "",
            "notification": [
              {
                "comparison_operator": "GREATER_THAN",
                "notification_type": "ACTUAL",
                "subscriber_email_addresses": [
                  "alecrobinson0807@gmail.com"
                ],
                "subscriber_sns_topic_arns": [
                  "arn:aws:sns:us-east-2:086637712781:alec-budget-alerts"
                ],
                "threshold": 50,
                "threshold_type": "PERCENTAGE"
              }
            ],
            "planned_limit": [],
            "tags": null,
            "tags_all": {},
            "time_period_end": "2087-06-15_00:00",
            "time_period_start": "2025-10-01_00:00",
            "time_unit": "MONTHLY"
          },
          "sensitive_attributes": [],
          "identity_schema_version": 0,
          "private": "bnVsbA==",
          "dependencies": [
            "aws_sns_topic.budgeting_alerts"
          ]
        }
      ]
    },
    {
      "mode": "managed",
      "type": "aws_cloudwatch_dashboard",
      "name": "cost_dashboard",
      "provider": "provider[\"registry.terraform.io/hashicorp/aws\"]",
      "instances": [
        {
          "schema_version": 0,
          "attributes": {
            "dashboard_arn": "arn:aws:cloudwatch::086637712781:dashboard/aws-cost-dashboard",
            "dashboard_body": "{\"widgets\":[{\"height\":6,\"properties\":{\"annotations\":{\"horizontal\":[{\"label\":\"Budget Threshold\",\"value\":10}]},\"metrics\":[[\"AWS/Billing\",\"EstimatedCharges\",\"Currency\",\"USD\"]],\"period\":21600,\"region\":\"us-east-2\",\"stat\":\"Maximum\",\"title\":\"AWS Estimated Charges\"},\"type\":\"metric\",\"width\":12,\"x\":0,\"y\":0}]}",
            "dashboard_name": "aws-cost-dashboard",
            "id": "aws-cost-dashboard",
            "region": "us-east-2"
          },
          "sensitive_attributes": [],
          "identity_schema_version": 0,
          "private": "bnVsbA=="
        }
      ]
    },
    {
      "mode": "managed",
      "type": "aws_cloudwatch_metric_alarm",
      "name": "cost_alarm",
      "provider": "provider[\"registry.terraform.io/hashicorp/aws\"]",
      "instances": [
        {
          "schema_version": 1,
          "attributes": {
            "actions_enabled": true,
            "alarm_actions": [
              "arn:aws:sns:us-east-2:086637712781:alec-budget-alerts"
            ],
            "alarm_description": "Alarm when AWS charges exceed $10",
            "alarm_name": "monthly-cost-alarm",
            "arn": "arn:aws:cloudwatch:us-east-2:086637712781:alarm:monthly-cost-alarm",
            "comparison_operator": "GreaterThanThreshold",
            "datapoints_to_alarm": 0,
            "dimensions": {
              "Currency": "USD"
            },
            "evaluate_low_sample_count_percentiles": "",
            "evaluation_periods": 1,
            "extended_statistic": "",
            "id": "monthly-cost-alarm",
            "insufficient_data_actions": null,
            "metric_name": "EstimatedCharges",
            "metric_query": [],
            "namespace": "AWS/Billing",
            "ok_actions": null,
            "period": 21600,
            "region": "us-east-2",
            "statistic": "Maximum",
            "tags": null,
            "tags_all": {},
            "threshold": 10,
            "threshold_metric_id": "",
            "treat_missing_data": "missing",
            "unit": ""
          },
          "sensitive_attributes": [],
          "identity_schema_version": 0,
          "identity": {
            "account_id": "086637712781",
            "alarm_name": "monthly-cost-alarm",
            "region": "us-east-2"
          },
          "private": "eyJzY2hlbWFfdmVyc2lvbiI6IjEifQ==",
          "dependencies": [
            "aws_sns_topic.budgeting_alerts"
          ]
        }
      ]
    },
    {
      "mode": "managed",
      "type": "aws_s3_bucket",
      "name": "my-aleccost-dash",
      "provider": "provider[\"registry.terraform.io/hashicorp/aws\"]",
      "instances": [
        {
          "schema_version": 0,
          "attributes": {
            "acceleration_status": "",
            "acl": "private",
            "arn": "arn:aws:s3:::aleccost-dashboard-unique-xyz123",
            "bucket": "aleccost-dashboard-unique-xyz123",
            "bucket_domain_name": "aleccost-dashboard-unique-xyz123.s3.amazonaws.com",
            "bucket_prefix": "",
            "bucket_region": "us-east-2",
            "bucket_regional_domain_name": "aleccost-dashboard-unique-xyz123.s3.us-east-2.amazonaws.com",
            "cors_rule": [],
            "force_destroy": false,
            "grant": [
              {
                "id": "260d1ff10c4f7592eaeba80d45270f914e7ac9fd486b2a5fa13f3b138be371de",
                "permissions": [
                  "FULL_CONTROL"
                ],
                "type": "CanonicalUser",
                "uri": ""
              }
            ],
            "hosted_zone_id": "Z2O1EMRO9K5GLX",
            "id": "aleccost-dashboard-unique-xyz123",
            "lifecycle_rule": [],
            "logging": [],
            "object_lock_configuration": [],
            "object_lock_enabled": false,
            "policy": "",
            "region": "us-east-2",
            "replication_configuration": [],
            "request_payer": "BucketOwner",
            "server_side_encryption_configuration": [
              {
                "rule": [
                  {
                    "apply_server_side_encryption_by_default": [
                      {
                        "kms_master_key_id": "",
                        "sse_algorithm": "AES256"
                      }
                    ],
                    "bucket_key_enabled": false
                  }
                ]
              }
            ],
            "tags": null,
            "tags_all": {},
            "timeouts": null,
            "versioning": [
              {
                "enabled": false,
                "mfa_delete": false
              }
            ],
            "website": [],
            "website_domain": null,
            "website_endpoint": null
          },
          "sensitive_attributes": [],
          "identity_schema_version": 0,
          "identity": {
            "account_id": "086637712781",
            "bucket": "aleccost-dashboard-unique-xyz123",
            "region": "us-east-2"
          },
          "private": "eyJlMmJmYjczMC1lY2FhLTExZTYtOGY4OC0zNDM2M2JjN2M0YzAiOnsiY3JlYXRlIjoxMjAwMDAwMDAwMDAwLCJkZWxldGUiOjM2MDAwMDAwMDAwMDAsInJlYWQiOjEyMDAwMDAwMDAwMDAsInVwZGF0ZSI6MTIwMDAwMDAwMDAwMH19"
        }
      ]
    },
    {
      "mode": "managed",
      "type": "aws_sns_topic",
      "name": "budgeting_alerts",
      "provider": "provider[\"registry.terraform.io/hashicorp/aws\"]",
      "instances": [
        {
          "schema_version": 0,
          "attributes": {
            "application_failure_feedback_role_arn": "",
            "application_success_feedback_role_arn": "",
            "application_success_feedback_sample_rate": 0,
            "archive_policy": "",
            "arn": "arn:aws:sns:us-east-2:086637712781:alec-budget-alerts",
            "beginning_archive_time": "",
            "content_based_deduplication": false,
            "delivery_policy": "",
            "display_name": "",
            "fifo_throughput_scope": "",
            "fifo_topic": false,
            "firehose_failure_feedback_role_arn": "",
            "firehose_success_feedback_role_arn": "",
            "firehose_success_feedback_sample_rate": 0,
            "http_failure_feedback_role_arn": "",
            "http_success_feedback_role_arn": "",
            "http_success_feedback_sample_rate": 0,
            "id": "arn:aws:sns:us-east-2:086637712781:alec-budget-alerts",
            "kms_master_key_id": "",
            "lambda_failure_feedback_role_arn": "",
            "lambda_success_feedback_role_arn": "",
            "lambda_success_feedback_sample_rate": 0,
            "name": "alec-budget-alerts",
            "name_prefix": "",
            "owner": "086637712781",
            "policy": "{\"Id\":\"__default_policy_ID\",\"Statement\":[{\"Action\":[\"SNS:GetTopicAttributes\",\"SNS:SetTopicAttributes\",\"SNS:AddPermission\",\"SNS:RemovePermission\",\"SNS:DeleteTopic\",\"SNS:Subscribe\",\"SNS:ListSubscriptionsByTopic\",\"SNS:Publish\"],\"Condition\":{\"StringEquals\":{\"AWS:SourceOwner\":\"086637712781\"}},\"Effect\":\"Allow\",\"Principal\":{\"AWS\":\"*\"},\"Resource\":\"arn:aws:sns:us-east-2:086637712781:alec-budget-alerts\",\"Sid\":\"__default_statement_ID\"}],\"Version\":\"2008-10-17\"}",
            "region": "us-east-2",
            "signature_version": 0,
            "sqs_failure_feedback_role_arn": "",
            "sqs_success_feedback_role_arn": "",
            "sqs_success_feedback_sample_rate": 0,
            "tags": null,
            "tags_all": {},
            "tracing_config": ""
          },
          "sensitive_attributes": [],
          "identity_schema_version": 0,
          "identity": {
            "arn": "arn:aws:sns:us-east-2:086637712781:alec-budget-alerts"
          },
          "private": "bnVsbA=="
        }
      ]
    },
    {
      "mode": "managed",
      "type": "aws_sns_topic_subscription",
      "name": "Urgetnt_alert",
      "provider": "provider[\"registry.terraform.io/hashicorp/aws\"]",
      "instances": [
        {
          "schema_version": 0,
          "attributes": {
            "arn": "arn:aws:sns:us-east-2:086637712781:alec-budget-alerts:e9f4a51d-b5cf-4558-b7ad-71ad682932df",
            "confirmation_timeout_in_minutes": 1,
            "confirmation_was_authenticated": false,
            "delivery_policy": "",
            "endpoint": "alecrobinson0807@gmail.com",
            "endpoint_auto_confirms": false,
            "filter_policy": "",
            "filter_policy_scope": "",
            "id": "arn:aws:sns:us-east-2:086637712781:alec-budget-alerts:e9f4a51d-b5cf-4558-b7ad-71ad682932df",
            "owner_id": "086637712781",
            "pending_confirmation": true,
            "protocol": "email",
            "raw_message_delivery": false,
            "redrive_policy": "",
            "region": "us-east-2",
            "replay_policy": "",
            "subscription_role_arn": "",
            "topic_arn": "arn:aws:sns:us-east-2:086637712781:alec-budget-alerts"
          },
          "sensitive_attributes": [],
          "identity_schema_version": 0,
          "identity": {
            "arn": "arn:aws:sns:us-east-2:086637712781:alec-budget-alerts:e9f4a51d-b5cf-4558-b7ad-71ad682932df"
          },
          "private": "bnVsbA==",
          "dependencies": [
            "aws_sns_topic.budgeting_alerts"
          ]
        }
      ]
    }
  ],
  "check_results": null
}
